
Microsoft Visual Studio Solution File, Format Version 12.00
# Visual Studio Version 16
VisualStudioVersion = 16.0.32413.511
MinimumVisualStudioVersion = 10.0.40219.1
Project("{FAE04EC0-301F-11D3-BF4B-00C04F79EFBC}") = "Events", "Events\Events.csproj", "{0A9F9DBE-58B2-45AD-A6A8-29F08E6C9CBC}"
EndProject
Global
	GlobalSection(SolutionConfigurationPlatforms) = preSolution
		Debug|Any CPU = Debug|Any CPU
		Release|Any CPU = Release|Any CPU
	EndGlobalSection
	GlobalSection(ProjectConfigurationPlatforms) = postSolution
		{0A9F9DBE-58B2-45AD-A6A8-29F08E6C9CBC}.Debug|Any CPU.ActiveCfg = Debug|Any CPU
		{0A9F9DBE-58B2-45AD-A6A8-29F08E6C9CBC}.Debug|Any CPU.Build.0 = Debug|Any CPU
		{0A9F9DBE-58B2-45AD-A6A8-29F08E6C9CBC}.Release|Any CPU.ActiveCfg = Release|Any CPU
		{0A9F9DBE-58B2-45AD-A6A8-29F08E6C9CBC}.Release|Any CPU.Build.0 = Release|Any CPU
	EndGlobalSection
	GlobalSection(SolutionProperties) = preSolution
		HideSolutionNode = FALSE
	EndGlobalSection
	GlobalSection(ExtensibilityGlobals) = postSolution
		SolutionGuid = {B2A7DFB8-1842-4190-AFB2-39A24FD959A3}
	EndGlobalSection
EndGlobal
